
Microsoft Visual Studio Solution File, Format Version 12.00
# Visual Studio Version 16
VisualStudioVersion = 16.0.31019.35
MinimumVisualStudioVersion = 10.0.40219.1
Project("{9A19103F-16F7-4668-BE54-9A1E7A4F7556}") = "Rest.Api", "src\Rest.Api\Rest.Api.csproj", "{A3039A84-A828-4730-9050-5DF4D316CC32}"
EndProject
Project("{9A19103F-16F7-4668-BE54-9A1E7A4F7556}") = "Rest.Core", "src\Rest.Core\Rest.Core.csproj", "{6493B2D6-3968-4FD2-B0A9-CD523190B50F}"
EndProject
Project("{9A19103F-16F7-4668-BE54-9A1E7A4F7556}") = "Rest.Domain", "src\Rest.Domain\Rest.Domain.csproj", "{71D05300-577F-4522-AF91-6C8077946F89}"
EndProject
Project("{9A19103F-16F7-4668-BE54-9A1E7A4F7556}") = "Rest.Models", "src\Rest.Models\Rest.Models.csproj", "{6212C4E2-DCFB-449B-849A-6444894245CD}"
EndProject
Project("{9A19103F-16F7-4668-BE54-9A1E7A4F7556}") = "Rest.Repositories", "src\Rest.Repositories\Rest.Repositories.csproj", "{BD65A5AB-6655-480F-94D8-BF00BC30D7AD}"
EndProject
Project("{00D1A9C2-B5F0-4AF3-8072-F6C62B433612}") = "Rest.DataBase", "src\Rest.DataBase\Rest.DataBase.sqlproj", "{45621A3D-7AB5-4DAE-9895-17D95D7CF649}"
EndProject
Project("{FAE04EC0-301F-11D3-BF4B-00C04F79EFBC}") = "Rest.Services", "Rest.Services\Rest.Services.csproj", "{8820D7B2-CF73-4119-A408-DE21054A589B}"
EndProject
Global
	GlobalSection(SolutionConfigurationPlatforms) = preSolution
		Debug|Any CPU = Debug|Any CPU
		Release|Any CPU = Release|Any CPU
	EndGlobalSection
	GlobalSection(ProjectConfigurationPlatforms) = postSolution
		{A3039A84-A828-4730-9050-5DF4D316CC32}.Debug|Any CPU.ActiveCfg = Debug|Any CPU
		{A3039A84-A828-4730-9050-5DF4D316CC32}.Debug|Any CPU.Build.0 = Debug|Any CPU
		{A3039A84-A828-4730-9050-5DF4D316CC32}.Release|Any CPU.ActiveCfg = Release|Any CPU
		{A3039A84-A828-4730-9050-5DF4D316CC32}.Release|Any CPU.Build.0 = Release|Any CPU
		{6493B2D6-3968-4FD2-B0A9-CD523190B50F}.Debug|Any CPU.ActiveCfg = Debug|Any CPU
		{6493B2D6-3968-4FD2-B0A9-CD523190B50F}.Debug|Any CPU.Build.0 = Debug|Any CPU
		{6493B2D6-3968-4FD2-B0A9-CD523190B50F}.Release|Any CPU.ActiveCfg = Release|Any CPU
		{6493B2D6-3968-4FD2-B0A9-CD523190B50F}.Release|Any CPU.Build.0 = Release|Any CPU
		{71D05300-577F-4522-AF91-6C8077946F89}.Debug|Any CPU.ActiveCfg = Debug|Any CPU
		{71D05300-577F-4522-AF91-6C8077946F89}.Debug|Any CPU.Build.0 = Debug|Any CPU
		{71D05300-577F-4522-AF91-6C8077946F89}.Release|Any CPU.ActiveCfg = Release|Any CPU
		{71D05300-577F-4522-AF91-6C8077946F89}.Release|Any CPU.Build.0 = Release|Any CPU
		{6212C4E2-DCFB-449B-849A-6444894245CD}.Debug|Any CPU.ActiveCfg = Debug|Any CPU
		{6212C4E2-DCFB-449B-849A-6444894245CD}.Debug|Any CPU.Build.0 = Debug|Any CPU
		{6212C4E2-DCFB-449B-849A-6444894245CD}.Release|Any CPU.ActiveCfg = Release|Any CPU
		{6212C4E2-DCFB-449B-849A-6444894245CD}.Release|Any CPU.Build.0 = Release|Any CPU
		{BD65A5AB-6655-480F-94D8-BF00BC30D7AD}.Debug|Any CPU.ActiveCfg = Debug|Any CPU
		{BD65A5AB-6655-480F-94D8-BF00BC30D7AD}.Debug|Any CPU.Build.0 = Debug|Any CPU
		{BD65A5AB-6655-480F-94D8-BF00BC30D7AD}.Release|Any CPU.ActiveCfg = Release|Any CPU
		{BD65A5AB-6655-480F-94D8-BF00BC30D7AD}.Release|Any CPU.Build.0 = Release|Any CPU
		{45621A3D-7AB5-4DAE-9895-17D95D7CF649}.Debug|Any CPU.ActiveCfg = Debug|Any CPU
		{45621A3D-7AB5-4DAE-9895-17D95D7CF649}.Debug|Any CPU.Build.0 = Debug|Any CPU
		{45621A3D-7AB5-4DAE-9895-17D95D7CF649}.Debug|Any CPU.Deploy.0 = Debug|Any CPU
		{45621A3D-7AB5-4DAE-9895-17D95D7CF649}.Release|Any CPU.ActiveCfg = Release|Any CPU
		{45621A3D-7AB5-4DAE-9895-17D95D7CF649}.Release|Any CPU.Build.0 = Release|Any CPU
		{45621A3D-7AB5-4DAE-9895-17D95D7CF649}.Release|Any CPU.Deploy.0 = Release|Any CPU
		{8820D7B2-CF73-4119-A408-DE21054A589B}.Debug|Any CPU.ActiveCfg = Debug|Any CPU
		{8820D7B2-CF73-4119-A408-DE21054A589B}.Debug|Any CPU.Build.0 = Debug|Any CPU
		{8820D7B2-CF73-4119-A408-DE21054A589B}.Release|Any CPU.ActiveCfg = Release|Any CPU
		{8820D7B2-CF73-4119-A408-DE21054A589B}.Release|Any CPU.Build.0 = Release|Any CPU
	EndGlobalSection
	GlobalSection(SolutionProperties) = preSolution
		HideSolutionNode = FALSE
	EndGlobalSection
	GlobalSection(ExtensibilityGlobals) = postSolution
		SolutionGuid = {FCF31668-9A65-4F10-A63C-1DA9E9F75E6F}
	EndGlobalSection
EndGlobal
